
Microsoft Visual Studio Solution File, Format Version 12.00
# Visual Studio Version 17
VisualStudioVersion = 17.2.32616.157
MinimumVisualStudioVersion = 10.0.40219.1
Project("{FAE04EC0-301F-11D3-BF4B-00C04F79EFBC}") = "DemoBlaze", "DemoBlaze\DemoBlaze.csproj", "{A77472B5-A301-4C0A-A3A1-78582D28014D}"
EndProject
Global
	GlobalSection(SolutionConfigurationPlatforms) = preSolution
		Debug|Any CPU = Debug|Any CPU
		Release|Any CPU = Release|Any CPU
	EndGlobalSection
	GlobalSection(ProjectConfigurationPlatforms) = postSolution
		{A77472B5-A301-4C0A-A3A1-78582D28014D}.Debug|Any CPU.ActiveCfg = Debug|Any CPU
		{A77472B5-A301-4C0A-A3A1-78582D28014D}.Debug|Any CPU.Build.0 = Debug|Any CPU
		{A77472B5-A301-4C0A-A3A1-78582D28014D}.Release|Any CPU.ActiveCfg = Release|Any CPU
		{A77472B5-A301-4C0A-A3A1-78582D28014D}.Release|Any CPU.Build.0 = Release|Any CPU
	EndGlobalSection
	GlobalSection(SolutionProperties) = preSolution
		HideSolutionNode = FALSE
	EndGlobalSection
	GlobalSection(ExtensibilityGlobals) = postSolution
		SolutionGuid = {23ABF74C-A954-43B9-AFF8-5E86E048812D}
	EndGlobalSection
EndGlobal
